{
  "name": "myfirstpackagehala",
  "version": "1.0.0",
  "lockfileVersion": 3,
  "requires": true,
  "packages": {
    "": {
      "name": "myfirstpackagehala",
      "version": "1.0.0",
      "license": "ISC",
      "dependencies": {
        "myfirstpackagehala": "^1.0.0"
      }
    },
    "node_modules/myfirstpackagehala": {
      "version": "1.0.0",
      "resolved": "https://registry.npmjs.org/myfirstpackagehala/-/myfirstpackagehala-1.0.0.tgz",
      "integrity": "sha512-ujF3Cm2bRwX6B+dfg0dJr2cS4dUI7u847nawPJvUwEpAxZcGRTyewCsV+wP4Bel9JC4BxEUqskj6QwwwqUTOdg=="
    }
  }
}
